
Microsoft Visual Studio Solution File, Format Version 12.00
# Visual Studio Version 16
VisualStudioVersion = 16.0.31025.194
MinimumVisualStudioVersion = 10.0.40219.1
Project("{FAE04EC0-301F-11D3-BF4B-00C04F79EFBC}") = "Earmark BCP", "Earmark BCP.csproj", "{011FC33F-D2C8-454E-96C4-ECD574F03DCA}"
EndProject
Global
	GlobalSection(SolutionConfigurationPlatforms) = preSolution
		Debug|Any CPU = Debug|Any CPU
		Release|Any CPU = Release|Any CPU
	EndGlobalSection
	GlobalSection(ProjectConfigurationPlatforms) = postSolution
		{011FC33F-D2C8-454E-96C4-ECD574F03DCA}.Debug|Any CPU.ActiveCfg = Debug|Any CPU
		{011FC33F-D2C8-454E-96C4-ECD574F03DCA}.Debug|Any CPU.Build.0 = Debug|Any CPU
		{011FC33F-D2C8-454E-96C4-ECD574F03DCA}.Release|Any CPU.ActiveCfg = Release|Any CPU
		{011FC33F-D2C8-454E-96C4-ECD574F03DCA}.Release|Any CPU.Build.0 = Release|Any CPU
	EndGlobalSection
	GlobalSection(SolutionProperties) = preSolution
		HideSolutionNode = FALSE
	EndGlobalSection
	GlobalSection(ExtensibilityGlobals) = postSolution
		SolutionGuid = {4B918727-D260-4BB7-B337-D7B0DB798ABF}
	EndGlobalSection
EndGlobal
